
Microsoft Visual Studio Solution File, Format Version 12.00
# Visual Studio 14
VisualStudioVersion = 14.0.25420.1
MinimumVisualStudioVersion = 10.0.40219.1
Project("{FAE04EC0-301F-11D3-BF4B-00C04F79EFBC}") = "AnagramCheckerApp", "Application\AnagramCheckerApp.csproj", "{2F53CC88-3DFB-4559-A35A-4759047A1BEA}"
EndProject
Project("{FAE04EC0-301F-11D3-BF4B-00C04F79EFBC}") = "LibraryTest", "LibraryTest\LibraryTest.csproj", "{65FFEA74-342B-4A3D-9B40-7EBE93F26345}"
EndProject
Project("{FAE04EC0-301F-11D3-BF4B-00C04F79EFBC}") = "AnagramCheckerAppTest", "ApplicationTest\AnagramCheckerAppTest.csproj", "{C94CCE5F-2539-483E-9884-25A9C1EB036A}"
EndProject
Project("{FAE04EC0-301F-11D3-BF4B-00C04F79EFBC}") = "Library", "Library\Library.csproj", "{072EAC49-1B69-48E7-AEA0-6AD4A91BC37D}"
EndProject
Global
	GlobalSection(SolutionConfigurationPlatforms) = preSolution
		Debug|Any CPU = Debug|Any CPU
		Debug|ARM = Debug|ARM
		Debug|x64 = Debug|x64
		Debug|x86 = Debug|x86
		Release|Any CPU = Release|Any CPU
		Release|ARM = Release|ARM
		Release|x64 = Release|x64
		Release|x86 = Release|x86
	EndGlobalSection
	GlobalSection(ProjectConfigurationPlatforms) = postSolution
		{2F53CC88-3DFB-4559-A35A-4759047A1BEA}.Debug|Any CPU.ActiveCfg = Debug|x86
		{2F53CC88-3DFB-4559-A35A-4759047A1BEA}.Debug|ARM.ActiveCfg = Debug|ARM
		{2F53CC88-3DFB-4559-A35A-4759047A1BEA}.Debug|ARM.Build.0 = Debug|ARM
		{2F53CC88-3DFB-4559-A35A-4759047A1BEA}.Debug|ARM.Deploy.0 = Debug|ARM
		{2F53CC88-3DFB-4559-A35A-4759047A1BEA}.Debug|x64.ActiveCfg = Debug|x64
		{2F53CC88-3DFB-4559-A35A-4759047A1BEA}.Debug|x64.Build.0 = Debug|x64
		{2F53CC88-3DFB-4559-A35A-4759047A1BEA}.Debug|x64.Deploy.0 = Debug|x64
		{2F53CC88-3DFB-4559-A35A-4759047A1BEA}.Debug|x86.ActiveCfg = Debug|x86
		{2F53CC88-3DFB-4559-A35A-4759047A1BEA}.Debug|x86.Build.0 = Debug|x86
		{2F53CC88-3DFB-4559-A35A-4759047A1BEA}.Debug|x86.Deploy.0 = Debug|x86
		{2F53CC88-3DFB-4559-A35A-4759047A1BEA}.Release|Any CPU.ActiveCfg = Release|x86
		{2F53CC88-3DFB-4559-A35A-4759047A1BEA}.Release|ARM.ActiveCfg = Release|ARM
		{2F53CC88-3DFB-4559-A35A-4759047A1BEA}.Release|ARM.Build.0 = Release|ARM
		{2F53CC88-3DFB-4559-A35A-4759047A1BEA}.Release|ARM.Deploy.0 = Release|ARM
		{2F53CC88-3DFB-4559-A35A-4759047A1BEA}.Release|x64.ActiveCfg = Release|x64
		{2F53CC88-3DFB-4559-A35A-4759047A1BEA}.Release|x64.Build.0 = Release|x64
		{2F53CC88-3DFB-4559-A35A-4759047A1BEA}.Release|x64.Deploy.0 = Release|x64
		{2F53CC88-3DFB-4559-A35A-4759047A1BEA}.Release|x86.ActiveCfg = Release|x86
		{2F53CC88-3DFB-4559-A35A-4759047A1BEA}.Release|x86.Build.0 = Release|x86
		{2F53CC88-3DFB-4559-A35A-4759047A1BEA}.Release|x86.Deploy.0 = Release|x86
		{65FFEA74-342B-4A3D-9B40-7EBE93F26345}.Debug|Any CPU.ActiveCfg = Debug|Any CPU
		{65FFEA74-342B-4A3D-9B40-7EBE93F26345}.Debug|Any CPU.Build.0 = Debug|Any CPU
		{65FFEA74-342B-4A3D-9B40-7EBE93F26345}.Debug|ARM.ActiveCfg = Debug|Any CPU
		{65FFEA74-342B-4A3D-9B40-7EBE93F26345}.Debug|ARM.Build.0 = Debug|Any CPU
		{65FFEA74-342B-4A3D-9B40-7EBE93F26345}.Debug|x64.ActiveCfg = Debug|Any CPU
		{65FFEA74-342B-4A3D-9B40-7EBE93F26345}.Debug|x64.Build.0 = Debug|Any CPU
		{65FFEA74-342B-4A3D-9B40-7EBE93F26345}.Debug|x86.ActiveCfg = Debug|Any CPU
		{65FFEA74-342B-4A3D-9B40-7EBE93F26345}.Debug|x86.Build.0 = Debug|Any CPU
		{65FFEA74-342B-4A3D-9B40-7EBE93F26345}.Release|Any CPU.ActiveCfg = Release|Any CPU
		{65FFEA74-342B-4A3D-9B40-7EBE93F26345}.Release|Any CPU.Build.0 = Release|Any CPU
		{65FFEA74-342B-4A3D-9B40-7EBE93F26345}.Release|ARM.ActiveCfg = Release|Any CPU
		{65FFEA74-342B-4A3D-9B40-7EBE93F26345}.Release|ARM.Build.0 = Release|Any CPU
		{65FFEA74-342B-4A3D-9B40-7EBE93F26345}.Release|x64.ActiveCfg = Release|Any CPU
		{65FFEA74-342B-4A3D-9B40-7EBE93F26345}.Release|x64.Build.0 = Release|Any CPU
		{65FFEA74-342B-4A3D-9B40-7EBE93F26345}.Release|x86.ActiveCfg = Release|Any CPU
		{65FFEA74-342B-4A3D-9B40-7EBE93F26345}.Release|x86.Build.0 = Release|Any CPU
		{C94CCE5F-2539-483E-9884-25A9C1EB036A}.Debug|Any CPU.ActiveCfg = Debug|x86
		{C94CCE5F-2539-483E-9884-25A9C1EB036A}.Debug|ARM.ActiveCfg = Debug|ARM
		{C94CCE5F-2539-483E-9884-25A9C1EB036A}.Debug|ARM.Build.0 = Debug|ARM
		{C94CCE5F-2539-483E-9884-25A9C1EB036A}.Debug|ARM.Deploy.0 = Debug|ARM
		{C94CCE5F-2539-483E-9884-25A9C1EB036A}.Debug|x64.ActiveCfg = Debug|x64
		{C94CCE5F-2539-483E-9884-25A9C1EB036A}.Debug|x64.Build.0 = Debug|x64
		{C94CCE5F-2539-483E-9884-25A9C1EB036A}.Debug|x64.Deploy.0 = Debug|x64
		{C94CCE5F-2539-483E-9884-25A9C1EB036A}.Debug|x86.ActiveCfg = Debug|x86
		{C94CCE5F-2539-483E-9884-25A9C1EB036A}.Debug|x86.Build.0 = Debug|x86
		{C94CCE5F-2539-483E-9884-25A9C1EB036A}.Debug|x86.Deploy.0 = Debug|x86
		{C94CCE5F-2539-483E-9884-25A9C1EB036A}.Release|Any CPU.ActiveCfg = Release|x86
		{C94CCE5F-2539-483E-9884-25A9C1EB036A}.Release|ARM.ActiveCfg = Release|ARM
		{C94CCE5F-2539-483E-9884-25A9C1EB036A}.Release|ARM.Build.0 = Release|ARM
		{C94CCE5F-2539-483E-9884-25A9C1EB036A}.Release|ARM.Deploy.0 = Release|ARM
		{C94CCE5F-2539-483E-9884-25A9C1EB036A}.Release|x64.ActiveCfg = Release|x64
		{C94CCE5F-2539-483E-9884-25A9C1EB036A}.Release|x64.Build.0 = Release|x64
		{C94CCE5F-2539-483E-9884-25A9C1EB036A}.Release|x64.Deploy.0 = Release|x64
		{C94CCE5F-2539-483E-9884-25A9C1EB036A}.Release|x86.ActiveCfg = Release|x86
		{C94CCE5F-2539-483E-9884-25A9C1EB036A}.Release|x86.Build.0 = Release|x86
		{C94CCE5F-2539-483E-9884-25A9C1EB036A}.Release|x86.Deploy.0 = Release|x86
		{072EAC49-1B69-48E7-AEA0-6AD4A91BC37D}.Debug|Any CPU.ActiveCfg = Debug|Any CPU
		{072EAC49-1B69-48E7-AEA0-6AD4A91BC37D}.Debug|Any CPU.Build.0 = Debug|Any CPU
		{072EAC49-1B69-48E7-AEA0-6AD4A91BC37D}.Debug|ARM.ActiveCfg = Debug|Any CPU
		{072EAC49-1B69-48E7-AEA0-6AD4A91BC37D}.Debug|ARM.Build.0 = Debug|Any CPU
		{072EAC49-1B69-48E7-AEA0-6AD4A91BC37D}.Debug|x64.ActiveCfg = Debug|Any CPU
		{072EAC49-1B69-48E7-AEA0-6AD4A91BC37D}.Debug|x64.Build.0 = Debug|Any CPU
		{072EAC49-1B69-48E7-AEA0-6AD4A91BC37D}.Debug|x86.ActiveCfg = Debug|Any CPU
		{072EAC49-1B69-48E7-AEA0-6AD4A91BC37D}.Debug|x86.Build.0 = Debug|Any CPU
		{072EAC49-1B69-48E7-AEA0-6AD4A91BC37D}.Release|Any CPU.ActiveCfg = Release|Any CPU
		{072EAC49-1B69-48E7-AEA0-6AD4A91BC37D}.Release|Any CPU.Build.0 = Release|Any CPU
		{072EAC49-1B69-48E7-AEA0-6AD4A91BC37D}.Release|ARM.ActiveCfg = Release|Any CPU
		{072EAC49-1B69-48E7-AEA0-6AD4A91BC37D}.Release|ARM.Build.0 = Release|Any CPU
		{072EAC49-1B69-48E7-AEA0-6AD4A91BC37D}.Release|x64.ActiveCfg = Release|Any CPU
		{072EAC49-1B69-48E7-AEA0-6AD4A91BC37D}.Release|x64.Build.0 = Release|Any CPU
		{072EAC49-1B69-48E7-AEA0-6AD4A91BC37D}.Release|x86.ActiveCfg = Release|Any CPU
		{072EAC49-1B69-48E7-AEA0-6AD4A91BC37D}.Release|x86.Build.0 = Release|Any CPU
	EndGlobalSection
	GlobalSection(SolutionProperties) = preSolution
		HideSolutionNode = FALSE
	EndGlobalSection
EndGlobal
